
Microsoft Visual Studio Solution File, Format Version 12.00
# Visual Studio 15
Project("{FAE04EC0-301F-11D3-BF4B-00C04F79EFBC}") = "Assembly-CSharp", "Assembly-CSharp.csproj", "{AD1EE8D5-4716-2F53-CDB0-11532FFD1F01}"
EndProject
Project("{FAE04EC0-301F-11D3-BF4B-00C04F79EFBC}") = "Assembly-CSharp-Editor", "Assembly-CSharp-Editor.csproj", "{CD1379B7-7664-A641-B509-E22DF1621561}"
EndProject
Global
	GlobalSection(SolutionConfigurationPlatforms) = preSolution
		Debug|Any CPU = Debug|Any CPU
		Release|Any CPU = Release|Any CPU
	EndGlobalSection
	GlobalSection(ProjectConfigurationPlatforms) = postSolution
		{AD1EE8D5-4716-2F53-CDB0-11532FFD1F01}.Debug|Any CPU.ActiveCfg = Debug|Any CPU
		{AD1EE8D5-4716-2F53-CDB0-11532FFD1F01}.Debug|Any CPU.Build.0 = Debug|Any CPU
		{AD1EE8D5-4716-2F53-CDB0-11532FFD1F01}.Release|Any CPU.ActiveCfg = Release|Any CPU
		{AD1EE8D5-4716-2F53-CDB0-11532FFD1F01}.Release|Any CPU.Build.0 = Release|Any CPU
		{CD1379B7-7664-A641-B509-E22DF1621561}.Debug|Any CPU.ActiveCfg = Debug|Any CPU
		{CD1379B7-7664-A641-B509-E22DF1621561}.Debug|Any CPU.Build.0 = Debug|Any CPU
		{CD1379B7-7664-A641-B509-E22DF1621561}.Release|Any CPU.ActiveCfg = Release|Any CPU
		{CD1379B7-7664-A641-B509-E22DF1621561}.Release|Any CPU.Build.0 = Release|Any CPU
	EndGlobalSection
	GlobalSection(SolutionProperties) = preSolution
		HideSolutionNode = FALSE
	EndGlobalSection
EndGlobal
